
Microsoft Visual Studio Solution File, Format Version 12.00
# Visual Studio Version 17
VisualStudioVersion = 17.7.34003.232
MinimumVisualStudioVersion = 10.0.40219.1
Project("{FAE04EC0-301F-11D3-BF4B-00C04F79EFBC}") = "Query_App", "Query_App\Query_App.csproj", "{DAC0A0B4-8273-4D8E-B6C2-47100B63E163}"
EndProject
Global
	GlobalSection(SolutionConfigurationPlatforms) = preSolution
		Debug|Any CPU = Debug|Any CPU
		Release|Any CPU = Release|Any CPU
	EndGlobalSection
	GlobalSection(ProjectConfigurationPlatforms) = postSolution
		{DAC0A0B4-8273-4D8E-B6C2-47100B63E163}.Debug|Any CPU.ActiveCfg = Debug|Any CPU
		{DAC0A0B4-8273-4D8E-B6C2-47100B63E163}.Debug|Any CPU.Build.0 = Debug|Any CPU
		{DAC0A0B4-8273-4D8E-B6C2-47100B63E163}.Release|Any CPU.ActiveCfg = Release|Any CPU
		{DAC0A0B4-8273-4D8E-B6C2-47100B63E163}.Release|Any CPU.Build.0 = Release|Any CPU
	EndGlobalSection
	GlobalSection(SolutionProperties) = preSolution
		HideSolutionNode = FALSE
	EndGlobalSection
	GlobalSection(ExtensibilityGlobals) = postSolution
		SolutionGuid = {D28F8626-FD82-4969-92CE-ABF8F9CCFBA0}
	EndGlobalSection
EndGlobal
